github.com/tinywasm/await v0.0.1 h1:vjFS5GchpLuABsALZkTvqdIeRNImUupKMaBaa8jMYwQ=
github.com/tinywasm/await v0.0.1/go.mod h1:7Z60wpqsTfOhy8zVE4kd86ZrFZ97e9Vx4E69Xwgeca8=
github.com/tinywasm/await v0.0.2-0.20260817010837-b3a0ffb2c270 h1:w8iC46WZ0ek7jI+SK75cp/IdXkt6Xu4Rq1XVkgEmrUM=
github.com/tinywasm/await v0.0.2-0.20260817010837-b3a0ffb2c270/go.mod h1:7Z60wpqsTfOhy8zVE4kd86ZrFZ97e9Vx4E69Xwgeca8=
