github.com/tinywasm/await v0.1.0 h1:keCHZSRPohCGLv+Tm/ovZUwi9oZZX3G3QgUomsNgsxM=
github.com/tinywasm/await v0.1.0/go.mod h1:7Z60wpqsTfOhy8zVE4kd86ZrFZ97e9Vx4E69Xwgeca8=
github.com/tinywasm/base64 v0.0.5 h1:OuRGCuJrUzqo15jtotxs9PKL0mLuZmRHL6heUFaZZE4=
github.com/tinywasm/base64 v0.0.5/go.mod h1:p6s8iOD4F6s6smO80R3bYd8ZGZQxXCBt+5KxFQ4vCHU=
